
Microsoft Visual Studio Solution File, Format Version 12.00
# Visual Studio 14
VisualStudioVersion = 14.0.23107.0
MinimumVisualStudioVersion = 10.0.40219.1
Project("{9092AA53-FB77-4645-B42D-1CCCA6BD08BD}") = "Express4", "Express4\Express4.njsproj", "{E3B990B4-22BE-44B5-98B0-779D2B11018F}"
EndProject
Project("{2150E333-8FDC-42A3-9474-1A3956D46DE8}") = "Solution Items", "Solution Items", "{A5441C57-F6B9-400C-AE55-759BBE8D1802}"
	ProjectSection(SolutionItems) = preProject
		.gitattributes = .gitattributes
		.gitignore = .gitignore
		README.md = README.md
	EndProjectSection
EndProject
Global
	GlobalSection(SolutionConfigurationPlatforms) = preSolution
		Debug|Any CPU = Debug|Any CPU
		Release|Any CPU = Release|Any CPU
	EndGlobalSection
	GlobalSection(ProjectConfigurationPlatforms) = postSolution
		{E3B990B4-22BE-44B5-98B0-779D2B11018F}.Debug|Any CPU.ActiveCfg = Debug|Any CPU
		{E3B990B4-22BE-44B5-98B0-779D2B11018F}.Debug|Any CPU.Build.0 = Debug|Any CPU
		{E3B990B4-22BE-44B5-98B0-779D2B11018F}.Release|Any CPU.ActiveCfg = Release|Any CPU
		{E3B990B4-22BE-44B5-98B0-779D2B11018F}.Release|Any CPU.Build.0 = Release|Any CPU
	EndGlobalSection
	GlobalSection(SolutionProperties) = preSolution
		HideSolutionNode = FALSE
	EndGlobalSection
EndGlobal
